
Microsoft Visual Studio Solution File, Format Version 12.00
# Visual Studio 15
Project("{FAE04EC0-301F-11D3-BF4B-00C04F79EFBC}") = "UnityEngine.TestRunner", "UnityEngine.TestRunner.csproj", "{D3562F8B-C0BE-8A2D-264C-802DBBF67705}"
EndProject
Project("{FAE04EC0-301F-11D3-BF4B-00C04F79EFBC}") = "UnityEngine.UI", "UnityEngine.UI.csproj", "{B66CC156-BFBD-B761-B44C-A199F5CB0753}"
EndProject
Project("{FAE04EC0-301F-11D3-BF4B-00C04F79EFBC}") = "Unity.TextMeshPro", "Unity.TextMeshPro.csproj", "{C4F6DB4E-66C5-AFD3-443E-00FAFDDCC616}"
EndProject
Project("{FAE04EC0-301F-11D3-BF4B-00C04F79EFBC}") = "Unity.Timeline", "Unity.Timeline.csproj", "{CFE2C2D2-FB07-B15D-76FC-01843956025C}"
EndProject
Project("{FAE04EC0-301F-11D3-BF4B-00C04F79EFBC}") = "Assembly-CSharp", "Assembly-CSharp.csproj", "{E9BE1690-1FC0-91F7-39C3-5BB4183914BB}"
EndProject
Project("{FAE04EC0-301F-11D3-BF4B-00C04F79EFBC}") = "UnityEditor.TestRunner", "UnityEditor.TestRunner.csproj", "{AE579D48-B194-B79E-761C-9081C142A02D}"
EndProject
Project("{FAE04EC0-301F-11D3-BF4B-00C04F79EFBC}") = "Unity.TextMeshPro.Editor", "Unity.TextMeshPro.Editor.csproj", "{D38F5265-9D76-4E9B-6E52-B58B5A5FF5F7}"
EndProject
Project("{FAE04EC0-301F-11D3-BF4B-00C04F79EFBC}") = "Unity.Timeline.Editor", "Unity.Timeline.Editor.csproj", "{788B9F22-DD29-24AB-818B-865CC5F53325}"
EndProject
Project("{FAE04EC0-301F-11D3-BF4B-00C04F79EFBC}") = "UnityEditor.UI", "UnityEditor.UI.csproj", "{856904D3-461D-FCEE-3309-AF18E210C8CE}"
EndProject
Project("{FAE04EC0-301F-11D3-BF4B-00C04F79EFBC}") = "Unity.Rider.Editor", "Unity.Rider.Editor.csproj", "{64A135E8-5A99-FC68-1B24-3AD1A2F4C9DE}"
EndProject
Project("{FAE04EC0-301F-11D3-BF4B-00C04F79EFBC}") = "Unity.CollabProxy.Editor", "Unity.CollabProxy.Editor.csproj", "{58CFF51B-2816-ACFB-F796-CCBF8ABEE50B}"
EndProject
Project("{FAE04EC0-301F-11D3-BF4B-00C04F79EFBC}") = "Unity.VSCode.Editor", "Unity.VSCode.Editor.csproj", "{8A33B82C-09B9-1076-1174-3C91A85E936C}"
EndProject
Global
	GlobalSection(SolutionConfigurationPlatforms) = preSolution
		Debug|Any CPU = Debug|Any CPU
		Release|Any CPU = Release|Any CPU
	EndGlobalSection
	GlobalSection(ProjectConfigurationPlatforms) = postSolution
		{D3562F8B-C0BE-8A2D-264C-802DBBF67705}.Debug|Any CPU.ActiveCfg = Debug|Any CPU
		{D3562F8B-C0BE-8A2D-264C-802DBBF67705}.Debug|Any CPU.Build.0 = Debug|Any CPU
		{D3562F8B-C0BE-8A2D-264C-802DBBF67705}.Release|Any CPU.ActiveCfg = Release|Any CPU
		{D3562F8B-C0BE-8A2D-264C-802DBBF67705}.Release|Any CPU.Build.0 = Release|Any CPU
		{B66CC156-BFBD-B761-B44C-A199F5CB0753}.Debug|Any CPU.ActiveCfg = Debug|Any CPU
		{B66CC156-BFBD-B761-B44C-A199F5CB0753}.Debug|Any CPU.Build.0 = Debug|Any CPU
		{B66CC156-BFBD-B761-B44C-A199F5CB0753}.Release|Any CPU.ActiveCfg = Release|Any CPU
		{B66CC156-BFBD-B761-B44C-A199F5CB0753}.Release|Any CPU.Build.0 = Release|Any CPU
		{C4F6DB4E-66C5-AFD3-443E-00FAFDDCC616}.Debug|Any CPU.ActiveCfg = Debug|Any CPU
		{C4F6DB4E-66C5-AFD3-443E-00FAFDDCC616}.Debug|Any CPU.Build.0 = Debug|Any CPU
		{C4F6DB4E-66C5-AFD3-443E-00FAFDDCC616}.Release|Any CPU.ActiveCfg = Release|Any CPU
		{C4F6DB4E-66C5-AFD3-443E-00FAFDDCC616}.Release|Any CPU.Build.0 = Release|Any CPU
		{CFE2C2D2-FB07-B15D-76FC-01843956025C}.Debug|Any CPU.ActiveCfg = Debug|Any CPU
		{CFE2C2D2-FB07-B15D-76FC-01843956025C}.Debug|Any CPU.Build.0 = Debug|Any CPU
		{CFE2C2D2-FB07-B15D-76FC-01843956025C}.Release|Any CPU.ActiveCfg = Release|Any CPU
		{CFE2C2D2-FB07-B15D-76FC-01843956025C}.Release|Any CPU.Build.0 = Release|Any CPU
		{E9BE1690-1FC0-91F7-39C3-5BB4183914BB}.Debug|Any CPU.ActiveCfg = Debug|Any CPU
		{E9BE1690-1FC0-91F7-39C3-5BB4183914BB}.Debug|Any CPU.Build.0 = Debug|Any CPU
		{E9BE1690-1FC0-91F7-39C3-5BB4183914BB}.Release|Any CPU.ActiveCfg = Release|Any CPU
		{E9BE1690-1FC0-91F7-39C3-5BB4183914BB}.Release|Any CPU.Build.0 = Release|Any CPU
		{AE579D48-B194-B79E-761C-9081C142A02D}.Debug|Any CPU.ActiveCfg = Debug|Any CPU
		{AE579D48-B194-B79E-761C-9081C142A02D}.Debug|Any CPU.Build.0 = Debug|Any CPU
		{AE579D48-B194-B79E-761C-9081C142A02D}.Release|Any CPU.ActiveCfg = Release|Any CPU
		{AE579D48-B194-B79E-761C-9081C142A02D}.Release|Any CPU.Build.0 = Release|Any CPU
		{D38F5265-9D76-4E9B-6E52-B58B5A5FF5F7}.Debug|Any CPU.ActiveCfg = Debug|Any CPU
		{D38F5265-9D76-4E9B-6E52-B58B5A5FF5F7}.Debug|Any CPU.Build.0 = Debug|Any CPU
		{D38F5265-9D76-4E9B-6E52-B58B5A5FF5F7}.Release|Any CPU.ActiveCfg = Release|Any CPU
		{D38F5265-9D76-4E9B-6E52-B58B5A5FF5F7}.Release|Any CPU.Build.0 = Release|Any CPU
		{788B9F22-DD29-24AB-818B-865CC5F53325}.Debug|Any CPU.ActiveCfg = Debug|Any CPU
		{788B9F22-DD29-24AB-818B-865CC5F53325}.Debug|Any CPU.Build.0 = Debug|Any CPU
		{788B9F22-DD29-24AB-818B-865CC5F53325}.Release|Any CPU.ActiveCfg = Release|Any CPU
		{788B9F22-DD29-24AB-818B-865CC5F53325}.Release|Any CPU.Build.0 = Release|Any CPU
		{856904D3-461D-FCEE-3309-AF18E210C8CE}.Debug|Any CPU.ActiveCfg = Debug|Any CPU
		{856904D3-461D-FCEE-3309-AF18E210C8CE}.Debug|Any CPU.Build.0 = Debug|Any CPU
		{856904D3-461D-FCEE-3309-AF18E210C8CE}.Release|Any CPU.ActiveCfg = Release|Any CPU
		{856904D3-461D-FCEE-3309-AF18E210C8CE}.Release|Any CPU.Build.0 = Release|Any CPU
		{64A135E8-5A99-FC68-1B24-3AD1A2F4C9DE}.Debug|Any CPU.ActiveCfg = Debug|Any CPU
		{64A135E8-5A99-FC68-1B24-3AD1A2F4C9DE}.Debug|Any CPU.Build.0 = Debug|Any CPU
		{64A135E8-5A99-FC68-1B24-3AD1A2F4C9DE}.Release|Any CPU.ActiveCfg = Release|Any CPU
		{64A135E8-5A99-FC68-1B24-3AD1A2F4C9DE}.Release|Any CPU.Build.0 = Release|Any CPU
		{58CFF51B-2816-ACFB-F796-CCBF8ABEE50B}.Debug|Any CPU.ActiveCfg = Debug|Any CPU
		{58CFF51B-2816-ACFB-F796-CCBF8ABEE50B}.Debug|Any CPU.Build.0 = Debug|Any CPU
		{58CFF51B-2816-ACFB-F796-CCBF8ABEE50B}.Release|Any CPU.ActiveCfg = Release|Any CPU
		{58CFF51B-2816-ACFB-F796-CCBF8ABEE50B}.Release|Any CPU.Build.0 = Release|Any CPU
		{8A33B82C-09B9-1076-1174-3C91A85E936C}.Debug|Any CPU.ActiveCfg = Debug|Any CPU
		{8A33B82C-09B9-1076-1174-3C91A85E936C}.Debug|Any CPU.Build.0 = Debug|Any CPU
		{8A33B82C-09B9-1076-1174-3C91A85E936C}.Release|Any CPU.ActiveCfg = Release|Any CPU
		{8A33B82C-09B9-1076-1174-3C91A85E936C}.Release|Any CPU.Build.0 = Release|Any CPU
	EndGlobalSection
	GlobalSection(SolutionProperties) = preSolution
		HideSolutionNode = FALSE
	EndGlobalSection
EndGlobal
